
Microsoft Visual Studio Solution File, Format Version 12.00
# Visual Studio Version 17
VisualStudioVersion = 17.11.35312.102
MinimumVisualStudioVersion = 10.0.40219.1
Project("{8BC9CEB8-8B4A-11D0-8D11-00A0C91BC942}") = "ZIPTool", "ZIPTool.vcxproj", "{DC446F8A-234C-496C-B317-69BE4B50DD77}"
	ProjectSection(ProjectDependencies) = postProject
		{C3DE8C4B-8021-49E2-9856-EDEFDB1469A8} = {C3DE8C4B-8021-49E2-9856-EDEFDB1469A8}
	EndProjectSection
EndProject
Project("{8BC9CEB8-8B4A-11D0-8D11-00A0C91BC942}") = "ZIPLib", "ZIPLib\ZIPLib.vcxproj", "{C3DE8C4B-8021-49E2-9856-EDEFDB1469A8}"
EndProject
Global
	GlobalSection(SolutionConfigurationPlatforms) = preSolution
		Debug|x64 = Debug|x64
		Release|x64 = Release|x64
	EndGlobalSection
	GlobalSection(ProjectConfigurationPlatforms) = postSolution
		{DC446F8A-234C-496C-B317-69BE4B50DD77}.Debug|x64.ActiveCfg = Debug|x64
		{DC446F8A-234C-496C-B317-69BE4B50DD77}.Debug|x64.Build.0 = Debug|x64
		{DC446F8A-234C-496C-B317-69BE4B50DD77}.Release|x64.ActiveCfg = Release|x64
		{DC446F8A-234C-496C-B317-69BE4B50DD77}.Release|x64.Build.0 = Release|x64
		{C3DE8C4B-8021-49E2-9856-EDEFDB1469A8}.Debug|x64.ActiveCfg = Debug|x64
		{C3DE8C4B-8021-49E2-9856-EDEFDB1469A8}.Debug|x64.Build.0 = Debug|x64
		{C3DE8C4B-8021-49E2-9856-EDEFDB1469A8}.Release|x64.ActiveCfg = Release|x64
		{C3DE8C4B-8021-49E2-9856-EDEFDB1469A8}.Release|x64.Build.0 = Release|x64
	EndGlobalSection
	GlobalSection(SolutionProperties) = preSolution
		HideSolutionNode = FALSE
	EndGlobalSection
	GlobalSection(ExtensibilityGlobals) = postSolution
		SolutionGuid = {34344498-7C10-4339-AC0E-3EEA6E4FBC5B}
	EndGlobalSection
EndGlobal
